
Microsoft Visual Studio Solution File, Format Version 12.00
# Visual Studio Version 17
VisualStudioVersion = 17.4.33110.190
MinimumVisualStudioVersion = 10.0.40219.1
Project("{FAE04EC0-301F-11D3-BF4B-00C04F79EFBC}") = "PPMCheckerTool", "PPMCheckerTool\PPMCheckerTool.csproj", "{0295DF31-2D42-4A63-8E1E-7312C4D32373}"
EndProject
Project("{FAE04EC0-301F-11D3-BF4B-00C04F79EFBC}") = "Common", "Common\Common.csproj", "{9F639DEC-DA56-4437-A855-2B52615930E3}"
EndProject
Global
	GlobalSection(SolutionConfigurationPlatforms) = preSolution
		Debug|Any CPU = Debug|Any CPU
		Release|Any CPU = Release|Any CPU
	EndGlobalSection
	GlobalSection(ProjectConfigurationPlatforms) = postSolution
		{0295DF31-2D42-4A63-8E1E-7312C4D32373}.Debug|Any CPU.ActiveCfg = Debug|Any CPU
		{0295DF31-2D42-4A63-8E1E-7312C4D32373}.Debug|Any CPU.Build.0 = Debug|Any CPU
		{0295DF31-2D42-4A63-8E1E-7312C4D32373}.Release|Any CPU.ActiveCfg = Release|Any CPU
		{0295DF31-2D42-4A63-8E1E-7312C4D32373}.Release|Any CPU.Build.0 = Release|Any CPU
		{9F639DEC-DA56-4437-A855-2B52615930E3}.Debug|Any CPU.ActiveCfg = Debug|Any CPU
		{9F639DEC-DA56-4437-A855-2B52615930E3}.Debug|Any CPU.Build.0 = Debug|Any CPU
		{9F639DEC-DA56-4437-A855-2B52615930E3}.Release|Any CPU.ActiveCfg = Release|Any CPU
		{9F639DEC-DA56-4437-A855-2B52615930E3}.Release|Any CPU.Build.0 = Release|Any CPU
	EndGlobalSection
	GlobalSection(SolutionProperties) = preSolution
		HideSolutionNode = FALSE
	EndGlobalSection
	GlobalSection(ExtensibilityGlobals) = postSolution
		SolutionGuid = {39F986A7-B7D1-4C7D-BCE3-536DDF864F34}
	EndGlobalSection
EndGlobal
